github.com/noxworld-dev/noxscript/ns/v4 v4.12.0 h1:gCXXD6ohT1Thx04jC/E2RdgourZ8CYurgOJ4KU9jqGg=
github.com/noxworld-dev/noxscript/ns/v4 v4.12.0/go.mod h1:l8sd8BvVo6LjzYjzAr7V/nbBkp0B/UMQRWbVTq0U67A=
github.com/noxworld-dev/opennox-lib v0.0.0-20230831140802-093df546a389 h1:2TGFssmSyB0Txmmi0TaZZECXTWPx4DUPrNBj0HfiM7g=
github.com/noxworld-dev/opennox-lib v0.0.0-20230831140802-093df546a389/go.mod h1:lj1pzcq9aD1K0yMs3Qo1v6IpGnUvhRH9a2NaG8Wn9hE=
